<Solution>
  <Folder Name="/back/">
    <Project Path="back/BattleShip.API/BattleShip.API.csproj" />
    <Project Path="back/BattleShip.Models/BattleShip.Models.csproj" />
    <Project Path="back/BattleShip.Tests/BattleShip.Tests.csproj" />
  </Folder>
  <Folder Name="/front/">
    <Project Path="front/BattleShip.App/BattleShip.App.csproj" />
  </Folder>
</Solution>
